--- 
dependencies: 
  rails: 
    group: 
    - :default
    version: = 3.0.0.beta4
  mysql: 
    group: 
    - :default
    version: ">= 0"
specs: 
- rake: 
    version: 0.8.7
- abstract: 
    version: 1.0.0
- activesupport: 
    version: 3.0.0.beta4
- builder: 
    version: 2.1.2
- i18n: 
    version: 0.4.1
- activemodel: 
    version: 3.0.0.beta4
- erubis: 
    version: 2.6.6
- rack: 
    version: 1.1.0
- rack-mount: 
    version: 0.6.6
- rack-test: 
    version: 0.5.4
- tzinfo: 
    version: 0.3.22
- actionpack: 
    version: 3.0.0.beta4
- mime-types: 
    version: "1.16"
- polyglot: 
    version: 0.3.1
- treetop: 
    version: 1.4.8
- mail: 
    version: 2.2.5
- actionmailer: 
    version: 3.0.0.beta4
- arel: 
    version: 0.4.0
- activerecord: 
    version: 3.0.0.beta4
- activeresource: 
    version: 3.0.0.beta4
- bundler: 
    version: 0.9.26
- mysql: 
    version: 2.8.1
- thor: 
    version: 0.13.7
- railties: 
    version: 3.0.0.beta4
- rails: 
    version: 3.0.0.beta4
hash: dbc402eca1d8b3bb14fa460912648d0e3652ab6d
sources: 
- Rubygems: 
    uri: http://rubygems.org
